
Microsoft Visual Studio Solution File, Format Version 12.00
# Visual Studio Version 16
VisualStudioVersion = 16.0.30611.23
MinimumVisualStudioVersion = 10.0.40219.1
Project("{9A19103F-16F7-4668-BE54-9A1E7A4F7556}") = "PulseAudioSystray", "PulseAudioSystray.csproj", "{CC11D53B-B1FA-476F-B4F9-63825F6238A0}"
EndProject
Global
	GlobalSection(SolutionConfigurationPlatforms) = preSolution
		Debug|Any CPU = Debug|Any CPU
		Release|Any CPU = Release|Any CPU
	EndGlobalSection
	GlobalSection(ProjectConfigurationPlatforms) = postSolution
		{CC11D53B-B1FA-476F-B4F9-63825F6238A0}.Debug|Any CPU.ActiveCfg = Debug|Any CPU
		{CC11D53B-B1FA-476F-B4F9-63825F6238A0}.Debug|Any CPU.Build.0 = Debug|Any CPU
		{CC11D53B-B1FA-476F-B4F9-63825F6238A0}.Release|Any CPU.ActiveCfg = Release|Any CPU
		{CC11D53B-B1FA-476F-B4F9-63825F6238A0}.Release|Any CPU.Build.0 = Release|Any CPU
	EndGlobalSection
	GlobalSection(SolutionProperties) = preSolution
		HideSolutionNode = FALSE
	EndGlobalSection
	GlobalSection(ExtensibilityGlobals) = postSolution
		SolutionGuid = {7BEB58B4-9B8E-4262-9745-AD39F1F38149}
	EndGlobalSection
EndGlobal
